// !$*UTF8*$!
{
	archiveVersion = 1;
	classes = {
	};
	objectVersion = 56;
	objects = {

/* Begin PBXBuildFile section */
		009DB4BF29DF188100E7F84A /* Game.swift in Sources */ = {isa = PBXBuildFile; fileRef = 009DB4BE29DF188100E7F84A /* Game.swift */; };
		00FE2D0C29BBB257004D6DA2 /* AppDelegate.swift in Sources */ = {isa = PBXBuildFile; fileRef = 00FE2D0B29BBB257004D6DA2 /* AppDelegate.swift */; };
		00FE2D0E29BBB257004D6DA2 /* SceneDelegate.swift in Sources */ = {isa = PBXBuildFile; fileRef = 00FE2D0D29BBB257004D6DA2 /* SceneDelegate.swift */; };
		00FE2D1029BBB257004D6DA2 /* ViewController.swift in Sources */ = {isa = PBXBuildFile; fileRef = 00FE2D0F29BBB257004D6DA2 /* ViewController.swift */; };
		00FE2D1329BBB257004D6DA2 /* Main.storyboard in Resources */ = {isa = PBXBuildFile; fileRef = 00FE2D1129BBB257004D6DA2 /* Main.storyboard */; };
		00FE2D1529BBB258004D6DA2 /* Assets.xcassets in Resources */ = {isa = PBXBuildFile; fileRef = 00FE2D1429BBB258004D6DA2 /* Assets.xcassets */; };
		00FE2D1829BBB258004D6DA2 /* LaunchScreen.storyboard in Resources */ = {isa = PBXBuildFile; fileRef = 00FE2D1629BBB258004D6DA2 /* LaunchScreen.storyboard */; };
		00FE2D2329BBB258004D6DA2 /* Apple_PieTests.swift in Sources */ = {isa = PBXBuildFile; fileRef = 00FE2D2229BBB258004D6DA2 /* Apple_PieTests.swift */; };
		00FE2D2D29BBB258004D6DA2 /* Apple_PieUITests.swift in Sources */ = {isa = PBXBuildFile; fileRef = 00FE2D2C29BBB258004D6DA2 /* Apple_PieUITests.swift */; };
		00FE2D2F29BBB258004D6DA2 /* Apple_PieUITestsLaunchTests.swift in Sources */ = {isa = PBXBuildFile; fileRef = 00FE2D2E29BBB258004D6DA2 /* Apple_PieUITestsLaunchTests.swift */; };
/* End PBXBuildFile section */

/* Begin PBXContainerItemProxy section */
		00FE2D1F29BBB258004D6DA2 /* PBXContainerItemProxy */ = {
			isa = PBXContainerItemProxy;
			containerPortal = 00FE2D0029BBB257004D6DA2 /* Project object */;
			proxyType = 1;
			remoteGlobalIDString = 00FE2D0729BBB257004D6DA2;
			remoteInfo = "Apple Pie";
		};
		00FE2D2929BBB258004D6DA2 /* PBXContainerItemProxy */ = {
			isa = PBXContainerItemProxy;
			containerPortal = 00FE2D0029BBB257004D6DA2 /* Project object */;
			proxyType = 1;
			remoteGlobalIDString = 00FE2D0729BBB257004D6DA2;
			remoteInfo = "Apple Pie";
		};
/* End PBXContainerItemProxy section */

/* Begin PBXFileReference section */
		009DB4BE29DF188100E7F84A /* Game.swift */ = {isa = PBXFileReference; lastKnownFileType = sourcecode.swift; path = Game.swift; sourceTree = "<group>"; };
		00FE2D0829BBB257004D6DA2 /* Apple Pie.app */ = {isa = PBXFileReference; explicitFileType = wrapper.application; includeInIndex = 0; path = "Apple Pie.app"; sourceTree = BUILT_PRODUCTS_DIR; };
		00FE2D0B29BBB257004D6DA2 /* AppDelegate.swift */ = {isa = PBXFileReference; lastKnownFileType = sourcecode.swift; path = AppDelegate.swift; sourceTree = "<group>"; };
		00FE2D0D29BBB257004D6DA2 /* SceneDelegate.swift */ = {isa = PBXFileReference; lastKnownFileType = sourcecode.swift; path = SceneDelegate.swift; sourceTree = "<group>"; };
		00FE2D0F29BBB257004D6DA2 /* ViewController.swift */ = {isa = PBXFileReference; lastKnownFileType = sourcecode.swift; path = ViewController.swift; sourceTree = "<group>"; };
		00FE2D1229BBB257004D6DA2 /* Base */ = {isa = PBXFileReference; lastKnownFileType = file.storyboard; name = Base; path = Base.lproj/Main.storyboard; sourceTree = "<group>"; };
		00FE2D1429BBB258004D6DA2 /* Assets.xcassets */ = {isa = PBXFileReference; lastKnownFileType = folder.assetcatalog; path = Assets.xcassets; sourceTree = "<group>"; };
		00FE2D1729BBB258004D6DA2 /* Base */ = {isa = PBXFileReference; lastKnownFileType = file.storyboard; name = Base; path = Base.lproj/LaunchScreen.storyboard; sourceTree = "<group>"; };
		00FE2D1929BBB258004D6DA2 /* Info.plist */ = {isa = PBXFileReference; lastKnownFileType = text.plist.xml; path = Info.plist; sourceTree = "<group>"; };
		00FE2D1E29BBB258004D6DA2 /* Apple PieTests.xctest */ = {isa = PBXFileReference; explicitFileType = wrapper.cfbundle; includeInIndex = 0; path = "Apple PieTests.xctest"; sourceTree = BUILT_PRODUCTS_DIR; };
		00FE2D2229BBB258004D6DA2 /* Apple_PieTests.swift */ = {isa = PBXFileReference; lastKnownFileType = sourcecode.swift; path = Apple_PieTests.swift; sourceTree = "<group>"; };
		00FE2D2829BBB258004D6DA2 /* Apple PieUITests.xctest */ = {isa = PBXFileReference; explicitFileType = wrapper.cfbundle; includeInIndex = 0; path = "Apple PieUITests.xctest"; sourceTree = BUILT_PRODUCTS_DIR; };
		00FE2D2C29BBB258004D6DA2 /* Apple_PieUITests.swift */ = {isa = PBXFileReference; lastKnownFileType = sourcecode.swift; path = Apple_PieUITests.swift; sourceTree = "<group>"; };
		00FE2D2E29BBB258004D6DA2 /* Apple_PieUITestsLaunchTests.swift */ = {isa = PBXFileReference; lastKnownFileType = sourcecode.swift; path = Apple_PieUITestsLaunchTests.swift; sourceTree = "<group>"; };
/* End PBXFileReference section */

/* Begin PBXFrameworksBuildPhase section */
		00FE2D0529BBB257004D6DA2 /* Frameworks */ = {
			isa = PBXFrameworksBuildPhase;
			buildActionMask = 2147483647;
			files = (
			);
			runOnlyForDeploymentPostprocessing = 0;
		};
		00FE2D1B29BBB258004D6DA2 /* Frameworks */ = {
			isa = PBXFrameworksBuildPhase;
			buildActionMask = 2147483647;
			files = (
			);
			runOnlyForDeploymentPostprocessing = 0;
		};
		00FE2D2529BBB258004D6DA2 /* Frameworks */ = {
			isa = PBXFrameworksBuildPhase;
			buildActionMask = 2147483647;
			files = (
			);
			runOnlyForDeploymentPostprocessing = 0;
		};
/* End PBXFrameworksBuildPhase section */

/* Begin PBXGroup section */
		00FE2CFF29BBB257004D6DA2 = {
			isa = PBXGroup;
			children = (
				00FE2D0A29BBB257004D6DA2 /* Apple Pie */,
				00FE2D2129BBB258004D6DA2 /* Apple PieTests */,
				00FE2D2B29BBB258004D6DA2 /* Apple PieUITests */,
				00FE2D0929BBB257004D6DA2 /* Products */,
			);
			sourceTree = "<group>";
		};
		00FE2D0929BBB257004D6DA2 /* Products */ = {
			isa = PBXGroup;
			children = (
				00FE2D0829BBB257004D6DA2 /* Apple Pie.app */,
				00FE2D1E29BBB258004D6DA2 /* Apple PieTests.xctest */,
				00FE2D2829BBB258004D6DA2 /* Apple PieUITests.xctest */,
			);
			name = Products;
			sourceTree = "<group>";
		};
		00FE2D0A29BBB257004D6DA2 /* Apple Pie */ = {
			isa = PBXGroup;
			children = (
				00FE2D0B29BBB257004D6DA2 /* AppDelegate.swift */,
				00FE2D0D29BBB257004D6DA2 /* SceneDelegate.swift */,
				00FE2D0F29BBB257004D6DA2 /* ViewController.swift */,
				009DB4BE29DF188100E7F84A /* Game.swift */,
				00FE2D1129BBB257004D6DA2 /* Main.storyboard */,
				00FE2D1429BBB258004D6DA2 /* Assets.xcassets */,
				00FE2D1629BBB258004D6DA2 /* LaunchScreen.storyboard */,
				00FE2D1929BBB258004D6DA2 /* Info.plist */,
			);
			path = "Apple Pie";
			sourceTree = "<group>";
		};
		00FE2D2129BBB258004D6DA2 /* Apple PieTests */ = {
			isa = PBXGroup;
			children = (
				00FE2D2229BBB258004D6DA2 /* Apple_PieTests.swift */,
			);
			path = "Apple PieTests";
			sourceTree = "<group>";
		};
		00FE2D2B29BBB258004D6DA2 /* Apple PieUITests */ = {
			isa = PBXGroup;
			children = (
				00FE2D2C29BBB258004D6DA2 /* Apple_PieUITests.swift */,
				00FE2D2E29BBB258004D6DA2 /* Apple_PieUITestsLaunchTests.swift */,
			);
			path = "Apple PieUITests";
			sourceTree = "<group>";
		};
/* End PBXGroup section */

/* Begin PBXNativeTarget section */
		00FE2D0729BBB257004D6DA2 /* Apple Pie */ = {
			isa = PBXNativeTarget;
			buildConfigurationList = 00FE2D3229BBB258004D6DA2 /* Build configuration list for PBXNativeTarget "Apple Pie" */;
			buildPhases = (
				00FE2D0429BBB257004D6DA2 /* Sources */,
				00FE2D0529BBB257004D6DA2 /* Frameworks */,
				00FE2D0629BBB257004D6DA2 /* Resources */,
			);
			buildRules = (
			);
			dependencies = (
			);
			name = "Apple Pie";
			productName = "Apple Pie";
			productReference = 00FE2D0829BBB257004D6DA2 /* Apple Pie.app */;
			productType = "com.apple.product-type.application";
		};
		00FE2D1D29BBB258004D6DA2 /* Apple PieTests */ = {
			isa = PBXNativeTarget;
			buildConfigurationList = 00FE2D3529BBB258004D6DA2 /* Build configuration list for PBXNativeTarget "Apple PieTests" */;
			buildPhases = (
				00FE2D1A29BBB258004D6DA2 /* Sources */,
				00FE2D1B29BBB258004D6DA2 /* Frameworks */,
				00FE2D1C29BBB258004D6DA2 /* Resources */,
			);
			buildRules = (
			);
			dependencies = (
				00FE2D2029BBB258004D6DA2 /* PBXTargetDependency */,
			);
			name = "Apple PieTests";
			productName = "Apple PieTests";
			productReference = 00FE2D1E29BBB258004D6DA2 /* Apple PieTests.xctest */;
			productType = "com.apple.product-type.bundle.unit-test";
		};
		00FE2D2729BBB258004D6DA2 /* Apple PieUITests */ = {
			isa = PBXNativeTarget;
			buildConfigurationList = 00FE2D3829BBB258004D6DA2 /* Build configuration list for PBXNativeTarget "Apple PieUITests" */;
			buildPhases = (
				00FE2D2429BBB258004D6DA2 /* Sources */,
				00FE2D2529BBB258004D6DA2 /* Frameworks */,
				00FE2D2629BBB258004D6DA2 /* Resources */,
			);
			buildRules = (
			);
			dependencies = (
				00FE2D2A29BBB258004D6DA2 /* PBXTargetDependency */,
			);
			name = "Apple PieUITests";
			productName = "Apple PieUITests";
			productReference = 00FE2D2829BBB258004D6DA2 /* Apple PieUITests.xctest */;
			productType = "com.apple.product-type.bundle.ui-testing";
		};
/* End PBXNativeTarget section */

/* Begin PBXProject section */
		00FE2D0029BBB257004D6DA2 /* Project object */ = {
			isa = PBXProject;
			attributes = {
				BuildIndependentTargetsInParallel = 1;
				LastSwiftUpdateCheck = 1420;
				LastUpgradeCheck = 1420;
				TargetAttributes = {
					00FE2D0729BBB257004D6DA2 = {
						CreatedOnToolsVersion = 14.2;
					};
					00FE2D1D29BBB258004D6DA2 = {
						CreatedOnToolsVersion = 14.2;
						TestTargetID = 00FE2D0729BBB257004D6DA2;
					};
					00FE2D2729BBB258004D6DA2 = {
						CreatedOnToolsVersion = 14.2;
						TestTargetID = 00FE2D0729BBB257004D6DA2;
					};
				};
			};
			buildConfigurationList = 00FE2D0329BBB257004D6DA2 /* Build configuration list for PBXProject "Apple Pie" */;
			compatibilityVersion = "Xcode 14.0";
			developmentRegion = en;
			hasScannedForEncodings = 0;
			knownRegions = (
				en,
				Base,
			);
			mainGroup = 00FE2CFF29BBB257004D6DA2;
			productRefGroup = 00FE2D0929BBB257004D6DA2 /* Products */;
			projectDirPath = "";
			projectRoot = "";
			targets = (
				00FE2D0729BBB257004D6DA2 /* Apple Pie */,
				00FE2D1D29BBB258004D6DA2 /* Apple PieTests */,
				00FE2D2729BBB258004D6DA2 /* Apple PieUITests */,
			);
		};
/* End PBXProject section */

/* Begin PBXResourcesBuildPhase section */
		00FE2D0629BBB257004D6DA2 /* Resources */ = {
			isa = PBXResourcesBuildPhase;
			buildActionMask = 2147483647;
			files = (
				00FE2D1829BBB258004D6DA2 /* LaunchScreen.storyboard in Resources */,
				00FE2D1529BBB258004D6DA2 /* Assets.xcassets in Resources */,
				00FE2D1329BBB257004D6DA2 /* Main.storyboard in Resources */,
			);
			runOnlyForDeploymentPostprocessing = 0;
		};
		00FE2D1C29BBB258004D6DA2 /* Resources */ = {
			isa = PBXResourcesBuildPhase;
			buildActionMask = 2147483647;
			files = (
			);
			runOnlyForDeploymentPostprocessing = 0;
		};
		00FE2D2629BBB258004D6DA2 /* Resources */ = {
			isa = PBXResourcesBuildPhase;
			buildActionMask = 2147483647;
			files = (
			);
			runOnlyForDeploymentPostprocessing = 0;
		};
/* End PBXResourcesBuildPhase section */

/* Begin PBXSourcesBuildPhase section */
		00FE2D0429BBB257004D6DA2 /* Sources */ = {
			isa = PBXSourcesBuildPhase;
			buildActionMask = 2147483647;
			files = (
				00FE2D1029BBB257004D6DA2 /* ViewController.swift in Sources */,
				00FE2D0C29BBB257004D6DA2 /* AppDelegate.swift in Sources */,
				00FE2D0E29BBB257004D6DA2 /* SceneDelegate.swift in Sources */,
				009DB4BF29DF188100E7F84A /* Game.swift in Sources */,
			);
			runOnlyForDeploymentPostprocessing = 0;
		};
		00FE2D1A29BBB258004D6DA2 /* Sources */ = {
			isa = PBXSourcesBuildPhase;
			buildActionMask = 2147483647;
			files = (
				00FE2D2329BBB258004D6DA2 /* Apple_PieTests.swift in Sources */,
			);
			runOnlyForDeploymentPostprocessing = 0;
		};
		00FE2D2429BBB258004D6DA2 /* Sources */ = {
			isa = PBXSourcesBuildPhase;
			buildActionMask = 2147483647;
			files = (
				00FE2D2F29BBB258004D6DA2 /* Apple_PieUITestsLaunchTests.swift in Sources */,
				00FE2D2D29BBB258004D6DA2 /* Apple_PieUITests.swift in Sources */,
			);
			runOnlyForDeploymentPostprocessing = 0;
		};
/* End PBXSourcesBuildPhase section */

/* Begin PBXTargetDependency section */
		00FE2D2029BBB258004D6DA2 /* PBXTargetDependency */ = {
			isa = PBXTargetDependency;
			target = 00FE2D0729BBB257004D6DA2 /* Apple Pie */;
			targetProxy = 00FE2D1F29BBB258004D6DA2 /* PBXContainerItemProxy */;
		};
		00FE2D2A29BBB258004D6DA2 /* PBXTargetDependency */ = {
			isa = PBXTargetDependency;
			target = 00FE2D0729BBB257004D6DA2 /* Apple Pie */;
			targetProxy = 00FE2D2929BBB258004D6DA2 /* PBXContainerItemProxy */;
		};
/* End PBXTargetDependency section */

/* Begin PBXVariantGroup section */
		00FE2D1129BBB257004D6DA2 /* Main.storyboard */ = {
			isa = PBXVariantGroup;
			children = (
				00FE2D1229BBB257004D6DA2 /* Base */,
			);
			name = Main.storyboard;
			sourceTree = "<group>";
		};
		00FE2D1629BBB258004D6DA2 /* LaunchScreen.storyboard */ = {
			isa = PBXVariantGroup;
			children = (
				00FE2D1729BBB258004D6DA2 /* Base */,
			);
			name = LaunchScreen.storyboard;
			sourceTree = "<group>";
		};
/* End PBXVariantGroup section */

/* Begin XCBuildConfiguration section */
		00FE2D3029BBB258004D6DA2 /* Debug */ = {
			isa = XCBuildConfiguration;
			buildSettings = {
				ALWAYS_SEARCH_USER_PATHS = NO;
				CLANG_ANALYZER_NONNULL = YES;
				CLANG_ANALYZER_NUMBER_OBJECT_CONVERSION = YES_AGGRESSIVE;
				CLANG_CXX_LANGUAGE_STANDARD = "gnu++20";
				CLANG_ENABLE_MODULES = YES;
				CLANG_ENABLE_OBJC_ARC = YES;
				CLANG_ENABLE_OBJC_WEAK = YES;
				CLANG_WARN_BLOCK_CAPTURE_AUTORELEASING = YES;
				CLANG_WARN_BOOL_CONVERSION = YES;
				CLANG_WARN_COMMA = YES;
				CLANG_WARN_CONSTANT_CONVERSION = YES;
				CLANG_WARN_DEPRECATED_OBJC_IMPLEMENTATIONS = YES;
				CLANG_WARN_DIRECT_OBJC_ISA_USAGE = YES_ERROR;
				CLANG_WARN_DOCUMENTATION_COMMENTS = YES;
				CLANG_WARN_EMPTY_BODY = YES;
				CLANG_WARN_ENUM_CONVERSION = YES;
				CLANG_WARN_INFINITE_RECURSION = YES;
				CLANG_WARN_INT_CONVERSION = YES;
				CLANG_WARN_NON_LITERAL_NULL_CONVERSION = YES;
				CLANG_WARN_OBJC_IMPLICIT_RETAIN_SELF = YES;
				CLANG_WARN_OBJC_LITERAL_CONVERSION = YES;
				CLANG_WARN_OBJC_ROOT_CLASS = YES_ERROR;
				CLANG_WARN_QUOTED_INCLUDE_IN_FRAMEWORK_HEADER = YES;
				CLANG_WARN_RANGE_LOOP_ANALYSIS = YES;
				CLANG_WARN_STRICT_PROTOTYPES = YES;
				CLANG_WARN_SUSPICIOUS_MOVE = YES;
				CLANG_WARN_UNGUARDED_AVAILABILITY = YES_AGGRESSIVE;
				CLANG_WARN_UNREACHABLE_CODE = YES;
				CLANG_WARN__DUPLICATE_METHOD_MATCH = YES;
				COPY_PHASE_STRIP = NO;
				DEBUG_INFORMATION_FORMAT = dwarf;
				ENABLE_STRICT_OBJC_MSGSEND = YES;
				ENABLE_TESTABILITY = YES;
				GCC_C_LANGUAGE_STANDARD = gnu11;
				GCC_DYNAMIC_NO_PIC = NO;
				GCC_NO_COMMON_BLOCKS = YES;
				GCC_OPTIMIZATION_LEVEL = 0;
				GCC_PREPROCESSOR_DEFINITIONS = (
					"DEBUG=1",
					"$(inherited)",
				);
				GCC_WARN_64_TO_32_BIT_CONVERSION = YES;
				GCC_WARN_ABOUT_RETURN_TYPE = YES_ERROR;
				GCC_WARN_UNDECLARED_SELECTOR = YES;
				GCC_WARN_UNINITIALIZED_AUTOS = YES_AGGRESSIVE;
				GCC_WARN_UNUSED_FUNCTION = YES;
				GCC_WARN_UNUSED_VARIABLE = YES;
				IPHONEOS_DEPLOYMENT_TARGET = 16.2;
				MTL_ENABLE_DEBUG_INFO = INCLUDE_SOURCE;
				MTL_FAST_MATH = YES;
				ONLY_ACTIVE_ARCH = YES;
				SDKROOT = iphoneos;
				SWIFT_ACTIVE_COMPILATION_CONDITIONS = DEBUG;
				SWIFT_OPTIMIZATION_LEVEL = "-Onone";
			};
			name = Debug;
		};
		00FE2D3129BBB258004D6DA2 /* Release */ = {
			isa = XCBuildConfiguration;
			buildSettings = {
				ALWAYS_SEARCH_USER_PATHS = NO;
				CLANG_ANALYZER_NONNULL = YES;
				CLANG_ANALYZER_NUMBER_OBJECT_CONVERSION = YES_AGGRESSIVE;
				CLANG_CXX_LANGUAGE_STANDARD = "gnu++20";
				CLANG_ENABLE_MODULES = YES;
				CLANG_ENABLE_OBJC_ARC = YES;
				CLANG_ENABLE_OBJC_WEAK = YES;
				CLANG_WARN_BLOCK_CAPTURE_AUTORELEASING = YES;
				CLANG_WARN_BOOL_CONVERSION = YES;
				CLANG_WARN_COMMA = YES;
				CLANG_WARN_CONSTANT_CONVERSION = YES;
				CLANG_WARN_DEPRECATED_OBJC_IMPLEMENTATIONS = YES;
				CLANG_WARN_DIRECT_OBJC_ISA_USAGE = YES_ERROR;
				CLANG_WARN_DOCUMENTATION_COMMENTS = YES;
				CLANG_WARN_EMPTY_BODY = YES;
				CLANG_WARN_ENUM_CONVERSION = YES;
				CLANG_WARN_INFINITE_RECURSION = YES;
				CLANG_WARN_INT_CONVERSION = YES;
				CLANG_WARN_NON_LITERAL_NULL_CONVERSION = YES;
				CLANG_WARN_OBJC_IMPLICIT_RETAIN_SELF = YES;
				CLANG_WARN_OBJC_LITERAL_CONVERSION = YES;
				CLANG_WARN_OBJC_ROOT_CLASS = YES_ERROR;
				CLANG_WARN_QUOTED_INCLUDE_IN_FRAMEWORK_HEADER = YES;
				CLANG_WARN_RANGE_LOOP_ANALYSIS = YES;
				CLANG_WARN_STRICT_PROTOTYPES = YES;
				CLANG_WARN_SUSPICIOUS_MOVE = YES;
				CLANG_WARN_UNGUARDED_AVAILABILITY = YES_AGGRESSIVE;
				CLANG_WARN_UNREACHABLE_CODE = YES;
				CLANG_WARN__DUPLICATE_METHOD_MATCH = YES;
				COPY_PHASE_STRIP = NO;
				DEBUG_INFORMATION_FORMAT = "dwarf-with-dsym";
				ENABLE_NS_ASSERTIONS = NO;
				ENABLE_STRICT_OBJC_MSGSEND = YES;
				GCC_C_LANGUAGE_STANDARD = gnu11;
				GCC_NO_COMMON_BLOCKS = YES;
				GCC_WARN_64_TO_32_BIT_CONVERSION = YES;
				GCC_WARN_ABOUT_RETURN_TYPE = YES_ERROR;
				GCC_WARN_UNDECLARED_SELECTOR = YES;
				GCC_WARN_UNINITIALIZED_AUTOS = YES_AGGRESSIVE;
				GCC_WARN_UNUSED_FUNCTION = YES;
				GCC_WARN_UNUSED_VARIABLE = YES;
				IPHONEOS_DEPLOYMENT_TARGET = 16.2;
				MTL_ENABLE_DEBUG_INFO = NO;
				MTL_FAST_MATH = YES;
				SDKROOT = iphoneos;
				SWIFT_COMPILATION_MODE = wholemodule;
				SWIFT_OPTIMIZATION_LEVEL = "-O";
				VALIDATE_PRODUCT = YES;
			};
			name = Release;
		};
		00FE2D3329BBB258004D6DA2 /* Debug */ = {
			isa = XCBuildConfiguration;
			buildSettings = {
				ASSETCATALOG_COMPILER_APPICON_NAME = AppIcon;
				ASSETCATALOG_COMPILER_GLOBAL_ACCENT_COLOR_NAME = AccentColor;
				CODE_SIGN_STYLE = Automatic;
				CURRENT_PROJECT_VERSION = 1;
				DEVELOPMENT_TEAM = B8L78GSZS5;
				GENERATE_INFOPLIST_FILE = YES;
				INFOPLIST_FILE = "Apple Pie/Info.plist";
				INFOPLIST_KEY_UIApplicationSupportsIndirectInputEvents = YES;
				INFOPLIST_KEY_UILaunchStoryboardName = LaunchScreen;
				INFOPLIST_KEY_UIMainStoryboardFile = Main;
				INFOPLIST_KEY_UISupportedInterfaceOrientations_iPad = "UIInterfaceOrientationPortrait UIInterfaceOrientationPortraitUpsideDown UIInterfaceOrientationLandscapeLeft UIInterfaceOrientationLandscapeRight";
				INFOPLIST_KEY_UISupportedInterfaceOrientations_iPhone = "UIInterfaceOrientationPortrait UIInterfaceOrientationLandscapeLeft UIInterfaceOrientationLandscapeRight";
				LD_RUNPATH_SEARCH_PATHS = (
					"$(inherited)",
					"@executable_path/Frameworks",
				);
				MARKETING_VERSION = 1.0;
				PRODUCT_BUNDLE_IDENTIFIER = "org.ssfs.Apple-Pie";
				PRODUCT_NAME = "$(TARGET_NAME)";
				SUPPORTED_PLATFORMS = "iphoneos iphonesimulator";
				SUPPORTS_MACCATALYST = NO;
				SUPPORTS_MAC_DESIGNED_FOR_IPHONE_IPAD = NO;
				SWIFT_EMIT_LOC_STRINGS = YES;
				SWIFT_VERSION = 5.0;
				TARGETED_DEVICE_FAMILY = 2;
			};
			name = Debug;
		};
		00FE2D3429BBB258004D6DA2 /* Release */ = {
			isa = XCBuildConfiguration;
			buildSettings = {
				ASSETCATALOG_COMPILER_APPICON_NAME = AppIcon;
				ASSETCATALOG_COMPILER_GLOBAL_ACCENT_COLOR_NAME = AccentColor;
				CODE_SIGN_STYLE = Automatic;
				CURRENT_PROJECT_VERSION = 1;
				DEVELOPMENT_TEAM = B8L78GSZS5;
				GENERATE_INFOPLIST_FILE = YES;
				INFOPLIST_FILE = "Apple Pie/Info.plist";
				INFOPLIST_KEY_UIApplicationSupportsIndirectInputEvents = YES;
				INFOPLIST_KEY_UILaunchStoryboardName = LaunchScreen;
				INFOPLIST_KEY_UIMainStoryboardFile = Main;
				INFOPLIST_KEY_UISupportedInterfaceOrientations_iPad = "UIInterfaceOrientationPortrait UIInterfaceOrientationPortraitUpsideDown UIInterfaceOrientationLandscapeLeft UIInterfaceOrientationLandscapeRight";
				INFOPLIST_KEY_UISupportedInterfaceOrientations_iPhone = "UIInterfaceOrientationPortrait UIInterfaceOrientationLandscapeLeft UIInterfaceOrientationLandscapeRight";
				LD_RUNPATH_SEARCH_PATHS = (
					"$(inherited)",
					"@executable_path/Frameworks",
				);
				MARKETING_VERSION = 1.0;
				PRODUCT_BUNDLE_IDENTIFIER = "org.ssfs.Apple-Pie";
				PRODUCT_NAME = "$(TARGET_NAME)";
				SUPPORTED_PLATFORMS = "iphoneos iphonesimulator";
				SUPPORTS_MACCATALYST = NO;
				SUPPORTS_MAC_DESIGNED_FOR_IPHONE_IPAD = NO;
				SWIFT_EMIT_LOC_STRINGS = YES;
				SWIFT_VERSION = 5.0;
				TARGETED_DEVICE_FAMILY = 2;
			};
			name = Release;
		};
		00FE2D3629BBB258004D6DA2 /* Debug */ = {
			isa = XCBuildConfiguration;
			buildSettings = {
				ALWAYS_EMBED_SWIFT_STANDARD_LIBRARIES = YES;
				BUNDLE_LOADER = "$(TEST_HOST)";
				CODE_SIGN_STYLE = Automatic;
				CURRENT_PROJECT_VERSION = 1;
				DEVELOPMENT_TEAM = B8L78GSZS5;
				GENERATE_INFOPLIST_FILE = YES;
				IPHONEOS_DEPLOYMENT_TARGET = 16.2;
				MARKETING_VERSION = 1.0;
				PRODUCT_BUNDLE_IDENTIFIER = "org.ssfs.Apple-PieTests";
				PRODUCT_NAME = "$(TARGET_NAME)";
				SWIFT_EMIT_LOC_STRINGS = NO;
				SWIFT_VERSION = 5.0;
				TARGETED_DEVICE_FAMILY = "1,2";
				TEST_HOST = "$(BUILT_PRODUCTS_DIR)/Apple Pie.app/$(BUNDLE_EXECUTABLE_FOLDER_PATH)/Apple Pie";
			};
			name = Debug;
		};
		00FE2D3729BBB258004D6DA2 /* Release */ = {
			isa = XCBuildConfiguration;
			buildSettings = {
				ALWAYS_EMBED_SWIFT_STANDARD_LIBRARIES = YES;
				BUNDLE_LOADER = "$(TEST_HOST)";
				CODE_SIGN_STYLE = Automatic;
				CURRENT_PROJECT_VERSION = 1;
				DEVELOPMENT_TEAM = B8L78GSZS5;
				GENERATE_INFOPLIST_FILE = YES;
				IPHONEOS_DEPLOYMENT_TARGET = 16.2;
				MARKETING_VERSION = 1.0;
				PRODUCT_BUNDLE_IDENTIFIER = "org.ssfs.Apple-PieTests";
				PRODUCT_NAME = "$(TARGET_NAME)";
				SWIFT_EMIT_LOC_STRINGS = NO;
				SWIFT_VERSION = 5.0;
				TARGETED_DEVICE_FAMILY = "1,2";
				TEST_HOST = "$(BUILT_PRODUCTS_DIR)/Apple Pie.app/$(BUNDLE_EXECUTABLE_FOLDER_PATH)/Apple Pie";
			};
			name = Release;
		};
		00FE2D3929BBB258004D6DA2 /* Debug */ = {
			isa = XCBuildConfiguration;
			buildSettings = {
				ALWAYS_EMBED_SWIFT_STANDARD_LIBRARIES = YES;
				CODE_SIGN_STYLE = Automatic;
				CURRENT_PROJECT_VERSION = 1;
				DEVELOPMENT_TEAM = B8L78GSZS5;
				GENERATE_INFOPLIST_FILE = YES;
				MARKETING_VERSION = 1.0;
				PRODUCT_BUNDLE_IDENTIFIER = "org.ssfs.Apple-PieUITests";
				PRODUCT_NAME = "$(TARGET_NAME)";
				SWIFT_EMIT_LOC_STRINGS = NO;
				SWIFT_VERSION = 5.0;
				TARGETED_DEVICE_FAMILY = "1,2";
				TEST_TARGET_NAME = "Apple Pie";
			};
			name = Debug;
		};
		00FE2D3A29BBB258004D6DA2 /* Release */ = {
			isa = XCBuildConfiguration;
			buildSettings = {
				ALWAYS_EMBED_SWIFT_STANDARD_LIBRARIES = YES;
				CODE_SIGN_STYLE = Automatic;
				CURRENT_PROJECT_VERSION = 1;
				DEVELOPMENT_TEAM = B8L78GSZS5;
				GENERATE_INFOPLIST_FILE = YES;
				MARKETING_VERSION = 1.0;
				PRODUCT_BUNDLE_IDENTIFIER = "org.ssfs.Apple-PieUITests";
				PRODUCT_NAME = "$(TARGET_NAME)";
				SWIFT_EMIT_LOC_STRINGS = NO;
				SWIFT_VERSION = 5.0;
				TARGETED_DEVICE_FAMILY = "1,2";
				TEST_TARGET_NAME = "Apple Pie";
			};
			name = Release;
		};
/* End XCBuildConfiguration section */

/* Begin XCConfigurationList section */
		00FE2D0329BBB257004D6DA2 /* Build configuration list for PBXProject "Apple Pie" */ = {
			isa = XCConfigurationList;
			buildConfigurations = (
				00FE2D3029BBB258004D6DA2 /* Debug */,
				00FE2D3129BBB258004D6DA2 /* Release */,
			);
			defaultConfigurationIsVisible = 0;
			defaultConfigurationName = Release;
		};
		00FE2D3229BBB258004D6DA2 /* Build configuration list for PBXNativeTarget "Apple Pie" */ = {
			isa = XCConfigurationList;
			buildConfigurations = (
				00FE2D3329BBB258004D6DA2 /* Debug */,
				00FE2D3429BBB258004D6DA2 /* Release */,
			);
			defaultConfigurationIsVisible = 0;
			defaultConfigurationName = Release;
		};
		00FE2D3529BBB258004D6DA2 /* Build configuration list for PBXNativeTarget "Apple PieTests" */ = {
			isa = XCConfigurationList;
			buildConfigurations = (
				00FE2D3629BBB258004D6DA2 /* Debug */,
				00FE2D3729BBB258004D6DA2 /* Release */,
			);
			defaultConfigurationIsVisible = 0;
			defaultConfigurationName = Release;
		};
		00FE2D3829BBB258004D6DA2 /* Build configuration list for PBXNativeTarget "Apple PieUITests" */ = {
			isa = XCConfigurationList;
			buildConfigurations = (
				00FE2D3929BBB258004D6DA2 /* Debug */,
				00FE2D3A29BBB258004D6DA2 /* Release */,
			);
			defaultConfigurationIsVisible = 0;
			defaultConfigurationName = Release;
		};
/* End XCConfigurationList section */
	};
	rootObject = 00FE2D0029BBB257004D6DA2 /* Project object */;
}
